// !$*UTF8*$!
{
	archiveVersion = 1;
	classes = {
	};
	objectVersion = 55;
	objects = {

/* Begin PBXBuildFile section */
		8F238D3C2736FCBC00F7A88A /* globals.cpp in Sources */ = {isa = PBXBuildFile; fileRef = 8F238D3B2736FCBC00F7A88A /* globals.cpp */; };
		8F263E872738985E00975C47 /* vectors.cpp in Sources */ = {isa = PBXBuildFile; fileRef = 8F263E852738985E00975C47 /* vectors.cpp */; };
		8F682000273CB04F005405EA /* gameController.cpp in Sources */ = {isa = PBXBuildFile; fileRef = 8F681FFE273CB04F005405EA /* gameController.cpp */; };
		8F752D75273DFC9A00B09118 /* libz.a in Frameworks */ = {isa = PBXBuildFile; fileRef = 8F752D74273DFC9A00B09118 /* libz.a */; };
		8F752D7B273DFD1C00B09118 /* libpng16.a in Frameworks */ = {isa = PBXBuildFile; fileRef = 8F752D7A273DFD1C00B09118 /* libpng16.a */; };
		8F752D7D273DFD8E00B09118 /* Roboto-Regular.ttf in Resources */ = {isa = PBXBuildFile; fileRef = 8F752D7C273DFD8E00B09118 /* Roboto-Regular.ttf */; };
		8F752D7F273E021900B09118 /* Foundation.framework in Frameworks */ = {isa = PBXBuildFile; fileRef = 8F878A9C2730B2B300FA5FF1 /* Foundation.framework */; };
		8F8332522734B47E0084BD57 /* stb.cpp in Sources */ = {isa = PBXBuildFile; fileRef = 8F8332512734B47E0084BD57 /* stb.cpp */; };
		8F8332592734BF980084BD57 /* GShape.cpp in Sources */ = {isa = PBXBuildFile; fileRef = 8F8332572734BF980084BD57 /* GShape.cpp */; };
		8F878A852730B01500FA5FF1 /* main.cpp in Sources */ = {isa = PBXBuildFile; fileRef = 8F878A842730B01500FA5FF1 /* main.cpp */; };
		8F878A942730B14B00FA5FF1 /* glad.c in Sources */ = {isa = PBXBuildFile; fileRef = 8F878A932730B14B00FA5FF1 /* glad.c */; };
		8F878A972730B29700FA5FF1 /* AppKit.framework in Frameworks */ = {isa = PBXBuildFile; fileRef = 8F878A962730B29700FA5FF1 /* AppKit.framework */; };
		8F878A992730B29E00FA5FF1 /* IOKit.framework in Frameworks */ = {isa = PBXBuildFile; fileRef = 8F878A982730B29E00FA5FF1 /* IOKit.framework */; };
		8F878A9B2730B2AF00FA5FF1 /* CoreFoundation.framework in Frameworks */ = {isa = PBXBuildFile; fileRef = 8F878A9A2730B2AF00FA5FF1 /* CoreFoundation.framework */; };
		8F878A9F2730B2B800FA5FF1 /* CoreGraphics.framework in Frameworks */ = {isa = PBXBuildFile; fileRef = 8F878A9E2730B2B800FA5FF1 /* CoreGraphics.framework */; };
		8F8F6A052739AA2300CFA63E /* libglfw3.a in Frameworks */ = {isa = PBXBuildFile; fileRef = 8F8F6A042739AA2300CFA63E /* libglfw3.a */; };
		8F8F6A0D2739AEA500CFA63E /* default.frag in Sources */ = {isa = PBXBuildFile; fileRef = 8F8F6A082739AD3800CFA63E /* default.frag */; };
		8F8F6A0E2739AEA500CFA63E /* default.vert in Sources */ = {isa = PBXBuildFile; fileRef = 8F8F6A092739AD3800CFA63E /* default.vert */; };
		8F8F6A112739AFD700CFA63E /* default.frag in CopyFiles */ = {isa = PBXBuildFile; fileRef = 8F8F6A082739AD3800CFA63E /* default.frag */; };
		8F8F6A122739AFD700CFA63E /* default.vert in CopyFiles */ = {isa = PBXBuildFile; fileRef = 8F8F6A092739AD3800CFA63E /* default.vert */; };
		8FBACACF273DF69600DD276E /* libfreetype.a in Frameworks */ = {isa = PBXBuildFile; fileRef = 8FBACACE273DF69600DD276E /* libfreetype.a */; };
		8FBACAD3273DF89F00DD276E /* libbz2.a in Frameworks */ = {isa = PBXBuildFile; fileRef = 8FBACAD2273DF89F00DD276E /* libbz2.a */; };
		8FC993052735D2D8003681F6 /* customObjects.cpp in Sources */ = {isa = PBXBuildFile; fileRef = 8FC993042735D2D8003681F6 /* customObjects.cpp */; };
		8FC993092735D9F7003681F6 /* GStack.cpp in Sources */ = {isa = PBXBuildFile; fileRef = 8FC993072735D9F7003681F6 /* GStack.cpp */; };
		8FC9930E2735E47E003681F6 /* GObject.cpp in Sources */ = {isa = PBXBuildFile; fileRef = 8FC9930D2735E47E003681F6 /* GObject.cpp */; };
		8FDCD6A927330482004B6BDF /* shaderClass.cpp in Sources */ = {isa = PBXBuildFile; fileRef = 8FDCD6A827330482004B6BDF /* shaderClass.cpp */; };
		8FDCD6AC27330663004B6BDF /* VBO.cpp in Sources */ = {isa = PBXBuildFile; fileRef = 8FDCD6AA27330663004B6BDF /* VBO.cpp */; };
		8FDCD6AF273307D8004B6BDF /* EBO.cpp in Sources */ = {isa = PBXBuildFile; fileRef = 8FDCD6AD273307D8004B6BDF /* EBO.cpp */; };
		8FDCD6B227330833004B6BDF /* VAO.cpp in Sources */ = {isa = PBXBuildFile; fileRef = 8FDCD6B027330833004B6BDF /* VAO.cpp */; };
		8FF80ECA273DA0810077CBEF /* utils.cpp in Sources */ = {isa = PBXBuildFile; fileRef = 8FF80EC8273DA0810077CBEF /* utils.cpp */; };
/* End PBXBuildFile section */

/* Begin PBXCopyFilesBuildPhase section */
		8F878A7F2730B01500FA5FF1 /* CopyFiles */ = {
			isa = PBXCopyFilesBuildPhase;
			buildActionMask = 12;
			dstPath = "";
			dstSubfolderSpec = 7;
			files = (
				8F8F6A112739AFD700CFA63E /* default.frag in CopyFiles */,
				8F8F6A122739AFD700CFA63E /* default.vert in CopyFiles */,
			);
			runOnlyForDeploymentPostprocessing = 0;
		};
/* End PBXCopyFilesBuildPhase section */

/* Begin PBXFileReference section */
		8F0634B1273DE979008CCF26 /* libfreetype.a */ = {isa = PBXFileReference; lastKnownFileType = archive.ar; name = libfreetype.a; path = ../../../../../../../opt/homebrew/Cellar/freetype/2.11.0/lib/libfreetype.a; sourceTree = "<group>"; };
		8F238D392736F99D00F7A88A /* globals.hpp */ = {isa = PBXFileReference; lastKnownFileType = sourcecode.cpp.h; path = globals.hpp; sourceTree = "<group>"; };
		8F238D3B2736FCBC00F7A88A /* globals.cpp */ = {isa = PBXFileReference; lastKnownFileType = sourcecode.cpp.cpp; path = globals.cpp; sourceTree = "<group>"; };
		8F263E852738985E00975C47 /* vectors.cpp */ = {isa = PBXFileReference; lastKnownFileType = sourcecode.cpp.cpp; path = vectors.cpp; sourceTree = "<group>"; };
		8F263E862738985E00975C47 /* vectors.hpp */ = {isa = PBXFileReference; lastKnownFileType = sourcecode.cpp.h; path = vectors.hpp; sourceTree = "<group>"; };
		8F681FFE273CB04F005405EA /* gameController.cpp */ = {isa = PBXFileReference; lastKnownFileType = sourcecode.cpp.cpp; path = gameController.cpp; sourceTree = "<group>"; };
		8F681FFF273CB04F005405EA /* gameController.hpp */ = {isa = PBXFileReference; lastKnownFileType = sourcecode.cpp.h; path = gameController.hpp; sourceTree = "<group>"; };
		8F752D6C273DFA6C00B09118 /* ImageIO.framework */ = {isa = PBXFileReference; lastKnownFileType = wrapper.framework; name = ImageIO.framework; path = System/Library/Frameworks/ImageIO.framework; sourceTree = SDKROOT; };
		8F752D6E273DFAEB00B09118 /* AVFoundation.framework */ = {isa = PBXFileReference; lastKnownFileType = wrapper.framework; name = AVFoundation.framework; path = System/Library/Frameworks/AVFoundation.framework; sourceTree = SDKROOT; };
		8F752D70273DFB2A00B09118 /* ParavirtualizedGraphics.framework */ = {isa = PBXFileReference; lastKnownFileType = wrapper.framework; name = ParavirtualizedGraphics.framework; path = System/Library/Frameworks/ParavirtualizedGraphics.framework; sourceTree = SDKROOT; };
		8F752D72273DFC5900B09118 /* libpng16.a */ = {isa = PBXFileReference; lastKnownFileType = archive.ar; name = libpng16.a; path = ../../../../../../../opt/homebrew/Cellar/libpng/1.6.37/lib/libpng16.a; sourceTree = "<group>"; };
		8F752D74273DFC9A00B09118 /* libz.a */ = {isa = PBXFileReference; lastKnownFileType = archive.ar; name = libz.a; path = ../../../../../../../opt/homebrew/Cellar/zlib/1.2.11/lib/libz.a; sourceTree = "<group>"; };
		8F752D7A273DFD1C00B09118 /* libpng16.a */ = {isa = PBXFileReference; lastKnownFileType = archive.ar; path = libpng16.a; sourceTree = "<group>"; };
		8F752D7C273DFD8E00B09118 /* Roboto-Regular.ttf */ = {isa = PBXFileReference; lastKnownFileType = file; path = "Roboto-Regular.ttf"; sourceTree = "<group>"; };
		8F8332502734B4310084BD57 /* stb_image.h */ = {isa = PBXFileReference; lastKnownFileType = sourcecode.c.h; path = stb_image.h; sourceTree = "<group>"; };
		8F8332512734B47E0084BD57 /* stb.cpp */ = {isa = PBXFileReference; lastKnownFileType = sourcecode.cpp.cpp; path = stb.cpp; sourceTree = "<group>"; };
		8F8332572734BF980084BD57 /* GShape.cpp */ = {isa = PBXFileReference; lastKnownFileType = sourcecode.cpp.cpp; path = GShape.cpp; sourceTree = "<group>"; };
		8F8332582734BF980084BD57 /* GShape.hpp */ = {isa = PBXFileReference; lastKnownFileType = sourcecode.cpp.h; path = GShape.hpp; sourceTree = "<group>"; };
		8F878A812730B01500FA5FF1 /* CG_first_project */ = {isa = PBXFileReference; explicitFileType = "compiled.mach-o.executable"; includeInIndex = 0; path = CG_first_project; sourceTree = BUILT_PRODUCTS_DIR; };
		8F878A842730B01500FA5FF1 /* main.cpp */ = {isa = PBXFileReference; lastKnownFileType = sourcecode.cpp.cpp; path = main.cpp; sourceTree = "<group>"; };
		8F878A902730B0F000FA5FF1 /* GLFW */ = {isa = PBXFileReference; lastKnownFileType = folder; path = GLFW; sourceTree = "<group>"; };
		8F878A912730B12200FA5FF1 /* KHR */ = {isa = PBXFileReference; lastKnownFileType = folder; path = KHR; sourceTree = "<group>"; };
		8F878A922730B12200FA5FF1 /* glad */ = {isa = PBXFileReference; lastKnownFileType = folder; path = glad; sourceTree = "<group>"; };
		8F878A932730B14B00FA5FF1 /* glad.c */ = {isa = PBXFileReference; fileEncoding = 4; lastKnownFileType = sourcecode.c.c; path = glad.c; sourceTree = "<group>"; };
		8F878A962730B29700FA5FF1 /* AppKit.framework */ = {isa = PBXFileReference; lastKnownFileType = wrapper.framework; name = AppKit.framework; path = System/Library/Frameworks/AppKit.framework; sourceTree = SDKROOT; };
		8F878A982730B29E00FA5FF1 /* IOKit.framework */ = {isa = PBXFileReference; lastKnownFileType = wrapper.framework; name = IOKit.framework; path = System/Library/Frameworks/IOKit.framework; sourceTree = SDKROOT; };
		8F878A9A2730B2AF00FA5FF1 /* CoreFoundation.framework */ = {isa = PBXFileReference; lastKnownFileType = wrapper.framework; name = CoreFoundation.framework; path = System/Library/Frameworks/CoreFoundation.framework; sourceTree = SDKROOT; };
		8F878A9C2730B2B300FA5FF1 /* Foundation.framework */ = {isa = PBXFileReference; lastKnownFileType = wrapper.framework; name = Foundation.framework; path = System/Library/Frameworks/Foundation.framework; sourceTree = SDKROOT; };
		8F878A9E2730B2B800FA5FF1 /* CoreGraphics.framework */ = {isa = PBXFileReference; lastKnownFileType = wrapper.framework; name = CoreGraphics.framework; path = System/Library/Frameworks/CoreGraphics.framework; sourceTree = SDKROOT; };
		8F8F69FF2739A71200CFA63E /* libglfw3.a */ = {isa = PBXFileReference; lastKnownFileType = archive.ar; name = libglfw3.a; path = ../../../../libglfw3.a; sourceTree = "<group>"; };
		8F8F6A042739AA2300CFA63E /* libglfw3.a */ = {isa = PBXFileReference; lastKnownFileType = archive.ar; path = libglfw3.a; sourceTree = "<group>"; };
		8F8F6A082739AD3800CFA63E /* default.frag */ = {isa = PBXFileReference; fileEncoding = 4; lastKnownFileType = sourcecode.glsl; name = default.frag; path = CG_first_project/shaders/default.frag; sourceTree = SOURCE_ROOT; };
		8F8F6A092739AD3800CFA63E /* default.vert */ = {isa = PBXFileReference; fileEncoding = 4; lastKnownFileType = sourcecode.glsl; path = default.vert; sourceTree = "<group>"; };
		8FBACACE273DF69600DD276E /* libfreetype.a */ = {isa = PBXFileReference; lastKnownFileType = archive.ar; path = libfreetype.a; sourceTree = "<group>"; };
		8FBACAD2273DF89F00DD276E /* libbz2.a */ = {isa = PBXFileReference; lastKnownFileType = archive.ar; path = libbz2.a; sourceTree = "<group>"; };
		8FC993042735D2D8003681F6 /* customObjects.cpp */ = {isa = PBXFileReference; lastKnownFileType = sourcecode.cpp.cpp; path = customObjects.cpp; sourceTree = "<group>"; };
		8FC993062735D4ED003681F6 /* customObjects.h */ = {isa = PBXFileReference; lastKnownFileType = sourcecode.c.h; path = customObjects.h; sourceTree = "<group>"; };
		8FC993072735D9F7003681F6 /* GStack.cpp */ = {isa = PBXFileReference; lastKnownFileType = sourcecode.cpp.cpp; path = GStack.cpp; sourceTree = "<group>"; };
		8FC993082735D9F7003681F6 /* GStack.hpp */ = {isa = PBXFileReference; lastKnownFileType = sourcecode.cpp.h; path = GStack.hpp; sourceTree = "<group>"; };
		8FC9930B2735DE0F003681F6 /* GObject.hpp */ = {isa = PBXFileReference; lastKnownFileType = sourcecode.cpp.h; path = GObject.hpp; sourceTree = "<group>"; };
		8FC9930D2735E47E003681F6 /* GObject.cpp */ = {isa = PBXFileReference; lastKnownFileType = sourcecode.cpp.cpp; path = GObject.cpp; sourceTree = "<group>"; };
		8FDCD6A6273303B8004B6BDF /* shaderClass.hpp */ = {isa = PBXFileReference; lastKnownFileType = sourcecode.cpp.h; path = shaderClass.hpp; sourceTree = "<group>"; };
		8FDCD6A827330482004B6BDF /* shaderClass.cpp */ = {isa = PBXFileReference; lastKnownFileType = sourcecode.cpp.cpp; path = shaderClass.cpp; sourceTree = "<group>"; };
		8FDCD6AA27330663004B6BDF /* VBO.cpp */ = {isa = PBXFileReference; lastKnownFileType = sourcecode.cpp.cpp; path = VBO.cpp; sourceTree = "<group>"; };
		8FDCD6AB27330663004B6BDF /* VBO.hpp */ = {isa = PBXFileReference; lastKnownFileType = sourcecode.cpp.h; path = VBO.hpp; sourceTree = "<group>"; };
		8FDCD6AD273307D8004B6BDF /* EBO.cpp */ = {isa = PBXFileReference; lastKnownFileType = sourcecode.cpp.cpp; path = EBO.cpp; sourceTree = "<group>"; };
		8FDCD6AE273307D8004B6BDF /* EBO.hpp */ = {isa = PBXFileReference; lastKnownFileType = sourcecode.cpp.h; path = EBO.hpp; sourceTree = "<group>"; };
		8FDCD6B027330833004B6BDF /* VAO.cpp */ = {isa = PBXFileReference; lastKnownFileType = sourcecode.cpp.cpp; path = VAO.cpp; sourceTree = "<group>"; };
		8FDCD6B127330833004B6BDF /* VAO.hpp */ = {isa = PBXFileReference; lastKnownFileType = sourcecode.cpp.h; path = VAO.hpp; sourceTree = "<group>"; };
		8FF80EC8273DA0810077CBEF /* utils.cpp */ = {isa = PBXFileReference; lastKnownFileType = sourcecode.cpp.cpp; path = utils.cpp; sourceTree = "<group>"; };
		8FF80EC9273DA0810077CBEF /* utils.hpp */ = {isa = PBXFileReference; lastKnownFileType = sourcecode.cpp.h; path = utils.hpp; sourceTree = "<group>"; };
/* End PBXFileReference section */

/* Begin PBXFrameworksBuildPhase section */
		8F878A7E2730B01500FA5FF1 /* Frameworks */ = {
			isa = PBXFrameworksBuildPhase;
			buildActionMask = 2147483647;
			files = (
				8F752D7F273E021900B09118 /* Foundation.framework in Frameworks */,
				8F878A972730B29700FA5FF1 /* AppKit.framework in Frameworks */,
				8F752D75273DFC9A00B09118 /* libz.a in Frameworks */,
				8F878A9B2730B2AF00FA5FF1 /* CoreFoundation.framework in Frameworks */,
				8F878A9F2730B2B800FA5FF1 /* CoreGraphics.framework in Frameworks */,
				8F8F6A052739AA2300CFA63E /* libglfw3.a in Frameworks */,
				8F752D7B273DFD1C00B09118 /* libpng16.a in Frameworks */,
				8FBACAD3273DF89F00DD276E /* libbz2.a in Frameworks */,
				8FBACACF273DF69600DD276E /* libfreetype.a in Frameworks */,
				8F878A992730B29E00FA5FF1 /* IOKit.framework in Frameworks */,
			);
			runOnlyForDeploymentPostprocessing = 0;
		};
/* End PBXFrameworksBuildPhase section */

/* Begin PBXGroup section */
		8F83324F2734B40E0084BD57 /* stb */ = {
			isa = PBXGroup;
			children = (
				8F8332502734B4310084BD57 /* stb_image.h */,
			);
			path = stb;
			sourceTree = "<group>";
		};
		8F878A782730B01500FA5FF1 = {
			isa = PBXGroup;
			children = (
				8F878A8B2730B02900FA5FF1 /* Externals */,
				8F878A832730B01500FA5FF1 /* CG_first_project */,
				8F878A822730B01500FA5FF1 /* Products */,
				8F878A952730B29700FA5FF1 /* Frameworks */,
			);
			sourceTree = "<group>";
		};
		8F878A822730B01500FA5FF1 /* Products */ = {
			isa = PBXGroup;
			children = (
				8F878A812730B01500FA5FF1 /* CG_first_project */,
			);
			name = Products;
			sourceTree = "<group>";
		};
		8F878A832730B01500FA5FF1 /* CG_first_project */ = {
			isa = PBXGroup;
			children = (
				8FDCD6A727330473004B6BDF /* src */,
				8FDCD6A5273303AC004B6BDF /* headers */,
				8FDCD6A22733033F004B6BDF /* shaders */,
				8F878A842730B01500FA5FF1 /* main.cpp */,
			);
			path = CG_first_project;
			sourceTree = "<group>";
		};
		8F878A8B2730B02900FA5FF1 /* Externals */ = {
			isa = PBXGroup;
			children = (
				8F752D7C273DFD8E00B09118 /* Roboto-Regular.ttf */,
				8F878A932730B14B00FA5FF1 /* glad.c */,
				8F878A8D2730B03A00FA5FF1 /* Libraries */,
				8F878A8C2730B03400FA5FF1 /* Include */,
			);
			path = Externals;
			sourceTree = "<group>";
		};
		8F878A8C2730B03400FA5FF1 /* Include */ = {
			isa = PBXGroup;
			children = (
				8F83324F2734B40E0084BD57 /* stb */,
				8F878A922730B12200FA5FF1 /* glad */,
				8F878A912730B12200FA5FF1 /* KHR */,
				8F878A902730B0F000FA5FF1 /* GLFW */,
			);
			path = Include;
			sourceTree = "<group>";
		};
		8F878A8D2730B03A00FA5FF1 /* Libraries */ = {
			isa = PBXGroup;
			children = (
				8F752D7A273DFD1C00B09118 /* libpng16.a */,
				8FBACAD2273DF89F00DD276E /* libbz2.a */,
				8FBACACE273DF69600DD276E /* libfreetype.a */,
				8F8F6A042739AA2300CFA63E /* libglfw3.a */,
			);
			path = Libraries;
			sourceTree = "<group>";
		};
		8F878A952730B29700FA5FF1 /* Frameworks */ = {
			isa = PBXGroup;
			children = (
				8F752D74273DFC9A00B09118 /* libz.a */,
				8F752D72273DFC5900B09118 /* libpng16.a */,
				8F752D70273DFB2A00B09118 /* ParavirtualizedGraphics.framework */,
				8F752D6E273DFAEB00B09118 /* AVFoundation.framework */,
				8F752D6C273DFA6C00B09118 /* ImageIO.framework */,
				8F0634B1273DE979008CCF26 /* libfreetype.a */,
				8F8F69FF2739A71200CFA63E /* libglfw3.a */,
				8F878A9E2730B2B800FA5FF1 /* CoreGraphics.framework */,
				8F878A9C2730B2B300FA5FF1 /* Foundation.framework */,
				8F878A9A2730B2AF00FA5FF1 /* CoreFoundation.framework */,
				8F878A982730B29E00FA5FF1 /* IOKit.framework */,
				8F878A962730B29700FA5FF1 /* AppKit.framework */,
			);
			name = Frameworks;
			sourceTree = "<group>";
		};
		8FDCD6A22733033F004B6BDF /* shaders */ = {
			isa = PBXGroup;
			children = (
				8F8F6A082739AD3800CFA63E /* default.frag */,
				8F8F6A092739AD3800CFA63E /* default.vert */,
			);
			path = shaders;
			sourceTree = "<group>";
		};
		8FDCD6A5273303AC004B6BDF /* headers */ = {
			isa = PBXGroup;
			children = (
				8FF80ECE273DA3FB0077CBEF /* game */,
				8FF80ECD273DA3F30077CBEF /* graphics */,
			);
			path = headers;
			sourceTree = "<group>";
		};
		8FDCD6A727330473004B6BDF /* src */ = {
			isa = PBXGroup;
			children = (
				8FF80ECC273DA3DE0077CBEF /* game */,
				8FF80ECB273DA3C00077CBEF /* graphics */,
			);
			path = src;
			sourceTree = "<group>";
		};
		8FF80ECB273DA3C00077CBEF /* graphics */ = {
			isa = PBXGroup;
			children = (
				8FDCD6A827330482004B6BDF /* shaderClass.cpp */,
				8FDCD6AA27330663004B6BDF /* VBO.cpp */,
				8FDCD6AD273307D8004B6BDF /* EBO.cpp */,
				8FDCD6B027330833004B6BDF /* VAO.cpp */,
				8F8332512734B47E0084BD57 /* stb.cpp */,
			);
			path = graphics;
			sourceTree = "<group>";
		};
		8FF80ECC273DA3DE0077CBEF /* game */ = {
			isa = PBXGroup;
			children = (
				8F238D3B2736FCBC00F7A88A /* globals.cpp */,
				8F8332572734BF980084BD57 /* GShape.cpp */,
				8FC993042735D2D8003681F6 /* customObjects.cpp */,
				8FC993072735D9F7003681F6 /* GStack.cpp */,
				8FC9930D2735E47E003681F6 /* GObject.cpp */,
				8F263E852738985E00975C47 /* vectors.cpp */,
				8F681FFE273CB04F005405EA /* gameController.cpp */,
				8FF80EC8273DA0810077CBEF /* utils.cpp */,
			);
			path = game;
			sourceTree = "<group>";
		};
		8FF80ECD273DA3F30077CBEF /* graphics */ = {
			isa = PBXGroup;
			children = (
				8FDCD6A6273303B8004B6BDF /* shaderClass.hpp */,
				8FDCD6AB27330663004B6BDF /* VBO.hpp */,
				8FDCD6AE273307D8004B6BDF /* EBO.hpp */,
				8FDCD6B127330833004B6BDF /* VAO.hpp */,
			);
			path = graphics;
			sourceTree = "<group>";
		};
		8FF80ECE273DA3FB0077CBEF /* game */ = {
			isa = PBXGroup;
			children = (
				8FC993062735D4ED003681F6 /* customObjects.h */,
				8F8332582734BF980084BD57 /* GShape.hpp */,
				8FC993082735D9F7003681F6 /* GStack.hpp */,
				8FC9930B2735DE0F003681F6 /* GObject.hpp */,
				8F238D392736F99D00F7A88A /* globals.hpp */,
				8F263E862738985E00975C47 /* vectors.hpp */,
				8F681FFF273CB04F005405EA /* gameController.hpp */,
				8FF80EC9273DA0810077CBEF /* utils.hpp */,
			);
			path = game;
			sourceTree = "<group>";
		};
/* End PBXGroup section */

/* Begin PBXNativeTarget section */
		8F878A802730B01500FA5FF1 /* CG_first_project */ = {
			isa = PBXNativeTarget;
			buildConfigurationList = 8F878A882730B01500FA5FF1 /* Build configuration list for PBXNativeTarget "CG_first_project" */;
			buildPhases = (
				8F878A7D2730B01500FA5FF1 /* Sources */,
				8F878A7E2730B01500FA5FF1 /* Frameworks */,
				8F878A7F2730B01500FA5FF1 /* CopyFiles */,
				8F8F6A0A2739ADAC00CFA63E /* Resources */,
				8FBACAD1273DF73B00DD276E /* ShellScript */,
			);
			buildRules = (
			);
			dependencies = (
			);
			name = CG_first_project;
			productName = LearnOpenGL;
			productReference = 8F878A812730B01500FA5FF1 /* CG_first_project */;
			productType = "com.apple.product-type.tool";
		};
/* End PBXNativeTarget section */

/* Begin PBXProject section */
		8F878A792730B01500FA5FF1 /* Project object */ = {
			isa = PBXProject;
			attributes = {
				BuildIndependentTargetsInParallel = 1;
				LastUpgradeCheck = 1310;
				TargetAttributes = {
					8F878A802730B01500FA5FF1 = {
						CreatedOnToolsVersion = 13.1;
					};
				};
			};
			buildConfigurationList = 8F878A7C2730B01500FA5FF1 /* Build configuration list for PBXProject "CG_first_project" */;
			compatibilityVersion = "Xcode 13.0";
			developmentRegion = en;
			hasScannedForEncodings = 0;
			knownRegions = (
				en,
				Base,
			);
			mainGroup = 8F878A782730B01500FA5FF1;
			productRefGroup = 8F878A822730B01500FA5FF1 /* Products */;
			projectDirPath = "";
			projectRoot = "";
			targets = (
				8F878A802730B01500FA5FF1 /* CG_first_project */,
			);
		};
/* End PBXProject section */

/* Begin PBXResourcesBuildPhase section */
		8F8F6A0A2739ADAC00CFA63E /* Resources */ = {
			isa = PBXResourcesBuildPhase;
			buildActionMask = 2147483647;
			files = (
				8F752D7D273DFD8E00B09118 /* Roboto-Regular.ttf in Resources */,
			);
			runOnlyForDeploymentPostprocessing = 0;
		};
/* End PBXResourcesBuildPhase section */

/* Begin PBXShellScriptBuildPhase section */
		8FBACAD1273DF73B00DD276E /* ShellScript */ = {
			isa = PBXShellScriptBuildPhase;
			buildActionMask = 2147483647;
			files = (
			);
			inputFileListPaths = (
			);
			inputPaths = (
			);
			outputFileListPaths = (
			);
			outputPaths = (
			);
			runOnlyForDeploymentPostprocessing = 0;
			shellPath = /bin/sh;
			shellScript = "# Type a script or drag a script file from your workspace to insert its path.\n";
		};
/* End PBXShellScriptBuildPhase section */

/* Begin PBXSourcesBuildPhase section */
		8F878A7D2730B01500FA5FF1 /* Sources */ = {
			isa = PBXSourcesBuildPhase;
			buildActionMask = 2147483647;
			files = (
				8F8F6A0D2739AEA500CFA63E /* default.frag in Sources */,
				8FF80ECA273DA0810077CBEF /* utils.cpp in Sources */,
				8F682000273CB04F005405EA /* gameController.cpp in Sources */,
				8F8F6A0E2739AEA500CFA63E /* default.vert in Sources */,
				8F238D3C2736FCBC00F7A88A /* globals.cpp in Sources */,
				8FC993092735D9F7003681F6 /* GStack.cpp in Sources */,
				8F8332592734BF980084BD57 /* GShape.cpp in Sources */,
				8F263E872738985E00975C47 /* vectors.cpp in Sources */,
				8FDCD6B227330833004B6BDF /* VAO.cpp in Sources */,
				8FDCD6A927330482004B6BDF /* shaderClass.cpp in Sources */,
				8FC993052735D2D8003681F6 /* customObjects.cpp in Sources */,
				8F878A852730B01500FA5FF1 /* main.cpp in Sources */,
				8F8332522734B47E0084BD57 /* stb.cpp in Sources */,
				8FC9930E2735E47E003681F6 /* GObject.cpp in Sources */,
				8F878A942730B14B00FA5FF1 /* glad.c in Sources */,
				8FDCD6AF273307D8004B6BDF /* EBO.cpp in Sources */,
				8FDCD6AC27330663004B6BDF /* VBO.cpp in Sources */,
			);
			runOnlyForDeploymentPostprocessing = 0;
		};
/* End PBXSourcesBuildPhase section */

/* Begin XCBuildConfiguration section */
		8F878A862730B01500FA5FF1 /* Debug */ = {
			isa = XCBuildConfiguration;
			buildSettings = {
				ALWAYS_SEARCH_USER_PATHS = NO;
				ARCHS = arm64;
				CLANG_ANALYZER_NONNULL = YES;
				CLANG_ANALYZER_NUMBER_OBJECT_CONVERSION = YES_AGGRESSIVE;
				CLANG_CXX_LANGUAGE_STANDARD = "gnu++17";
				CLANG_CXX_LIBRARY = "libc++";
				CLANG_ENABLE_MODULES = YES;
				CLANG_ENABLE_OBJC_ARC = YES;
				CLANG_ENABLE_OBJC_WEAK = YES;
				CLANG_WARN_BLOCK_CAPTURE_AUTORELEASING = YES;
				CLANG_WARN_BOOL_CONVERSION = YES;
				CLANG_WARN_COMMA = YES;
				CLANG_WARN_CONSTANT_CONVERSION = YES;
				CLANG_WARN_DEPRECATED_OBJC_IMPLEMENTATIONS = YES;
				CLANG_WARN_DIRECT_OBJC_ISA_USAGE = YES_ERROR;
				CLANG_WARN_DOCUMENTATION_COMMENTS = YES;
				CLANG_WARN_EMPTY_BODY = YES;
				CLANG_WARN_ENUM_CONVERSION = YES;
				CLANG_WARN_INFINITE_RECURSION = YES;
				CLANG_WARN_INT_CONVERSION = YES;
				CLANG_WARN_NON_LITERAL_NULL_CONVERSION = YES;
				CLANG_WARN_OBJC_IMPLICIT_RETAIN_SELF = YES;
				CLANG_WARN_OBJC_LITERAL_CONVERSION = YES;
				CLANG_WARN_OBJC_ROOT_CLASS = YES_ERROR;
				CLANG_WARN_QUOTED_INCLUDE_IN_FRAMEWORK_HEADER = YES;
				CLANG_WARN_RANGE_LOOP_ANALYSIS = YES;
				CLANG_WARN_STRICT_PROTOTYPES = YES;
				CLANG_WARN_SUSPICIOUS_MOVE = YES;
				CLANG_WARN_UNGUARDED_AVAILABILITY = YES_AGGRESSIVE;
				CLANG_WARN_UNREACHABLE_CODE = YES;
				CLANG_WARN__DUPLICATE_METHOD_MATCH = YES;
				COPY_PHASE_STRIP = NO;
				DEBUG_INFORMATION_FORMAT = dwarf;
				ENABLE_STRICT_OBJC_MSGSEND = YES;
				ENABLE_TESTABILITY = YES;
				GCC_C_LANGUAGE_STANDARD = gnu11;
				GCC_DYNAMIC_NO_PIC = NO;
				GCC_NO_COMMON_BLOCKS = YES;
				GCC_OPTIMIZATION_LEVEL = 0;
				GCC_PREPROCESSOR_DEFINITIONS = (
					"DEBUG=1",
					"$(inherited)",
				);
				GCC_WARN_64_TO_32_BIT_CONVERSION = YES;
				GCC_WARN_ABOUT_RETURN_TYPE = YES_ERROR;
				GCC_WARN_UNDECLARED_SELECTOR = YES;
				GCC_WARN_UNINITIALIZED_AUTOS = YES_AGGRESSIVE;
				GCC_WARN_UNUSED_FUNCTION = YES;
				GCC_WARN_UNUSED_VARIABLE = YES;
				HEADER_SEARCH_PATHS = (
					"/opt/homebrew/Cellar/freetype/2.11.0/**",
					"/opt/homebrew/Cellar/glm/0.9.9.8/include/**",
					/usr/local/include,
				);
				LIBRARY_SEARCH_PATHS = (
					"/opt/homebrew/Cellar/freetype/2.11.0/**",
					/opt/homebrew/Cellar/glm/0.9.9.8/include/glm,
				);
				MACOSX_DEPLOYMENT_TARGET = 12.0;
				MTL_ENABLE_DEBUG_INFO = INCLUDE_SOURCE;
				MTL_FAST_MATH = YES;
				ONLY_ACTIVE_ARCH = YES;
				SDKROOT = macosx;
			};
			name = Debug;
		};
		8F878A872730B01500FA5FF1 /* Release */ = {
			isa = XCBuildConfiguration;
			buildSettings = {
				ALWAYS_SEARCH_USER_PATHS = NO;
				ARCHS = arm64;
				CLANG_ANALYZER_NONNULL = YES;
				CLANG_ANALYZER_NUMBER_OBJECT_CONVERSION = YES_AGGRESSIVE;
				CLANG_CXX_LANGUAGE_STANDARD = "gnu++17";
				CLANG_CXX_LIBRARY = "libc++";
				CLANG_ENABLE_MODULES = YES;
				CLANG_ENABLE_OBJC_ARC = YES;
				CLANG_ENABLE_OBJC_WEAK = YES;
				CLANG_WARN_BLOCK_CAPTURE_AUTORELEASING = YES;
				CLANG_WARN_BOOL_CONVERSION = YES;
				CLANG_WARN_COMMA = YES;
				CLANG_WARN_CONSTANT_CONVERSION = YES;
				CLANG_WARN_DEPRECATED_OBJC_IMPLEMENTATIONS = YES;
				CLANG_WARN_DIRECT_OBJC_ISA_USAGE = YES_ERROR;
				CLANG_WARN_DOCUMENTATION_COMMENTS = YES;
				CLANG_WARN_EMPTY_BODY = YES;
				CLANG_WARN_ENUM_CONVERSION = YES;
				CLANG_WARN_INFINITE_RECURSION = YES;
				CLANG_WARN_INT_CONVERSION = YES;
				CLANG_WARN_NON_LITERAL_NULL_CONVERSION = YES;
				CLANG_WARN_OBJC_IMPLICIT_RETAIN_SELF = YES;
				CLANG_WARN_OBJC_LITERAL_CONVERSION = YES;
				CLANG_WARN_OBJC_ROOT_CLASS = YES_ERROR;
				CLANG_WARN_QUOTED_INCLUDE_IN_FRAMEWORK_HEADER = YES;
				CLANG_WARN_RANGE_LOOP_ANALYSIS = YES;
				CLANG_WARN_STRICT_PROTOTYPES = YES;
				CLANG_WARN_SUSPICIOUS_MOVE = YES;
				CLANG_WARN_UNGUARDED_AVAILABILITY = YES_AGGRESSIVE;
				CLANG_WARN_UNREACHABLE_CODE = YES;
				CLANG_WARN__DUPLICATE_METHOD_MATCH = YES;
				COPY_PHASE_STRIP = NO;
				DEBUG_INFORMATION_FORMAT = "dwarf-with-dsym";
				ENABLE_NS_ASSERTIONS = NO;
				ENABLE_STRICT_OBJC_MSGSEND = YES;
				GCC_C_LANGUAGE_STANDARD = gnu11;
				GCC_NO_COMMON_BLOCKS = YES;
				GCC_WARN_64_TO_32_BIT_CONVERSION = YES;
				GCC_WARN_ABOUT_RETURN_TYPE = YES_ERROR;
				GCC_WARN_UNDECLARED_SELECTOR = YES;
				GCC_WARN_UNINITIALIZED_AUTOS = YES_AGGRESSIVE;
				GCC_WARN_UNUSED_FUNCTION = YES;
				GCC_WARN_UNUSED_VARIABLE = YES;
				HEADER_SEARCH_PATHS = (
					"/opt/homebrew/Cellar/freetype/2.11.0/**",
					"/opt/homebrew/Cellar/glm/0.9.9.8/include/**",
					/usr/local/include,
				);
				LIBRARY_SEARCH_PATHS = (
					"/opt/homebrew/Cellar/freetype/2.11.0/**",
					/opt/homebrew/Cellar/glm/0.9.9.8/include/glm,
				);
				MACOSX_DEPLOYMENT_TARGET = 12.0;
				MTL_ENABLE_DEBUG_INFO = NO;
				MTL_FAST_MATH = YES;
				ONLY_ACTIVE_ARCH = YES;
				SDKROOT = macosx;
			};
			name = Release;
		};
		8F878A892730B01500FA5FF1 /* Debug */ = {
			isa = XCBuildConfiguration;
			buildSettings = {
				ARCHS = arm64;
				CODE_SIGN_IDENTITY = "-";
				CODE_SIGN_STYLE = Automatic;
				DEVELOPMENT_TEAM = H6394A43NW;
				ENABLE_HARDENED_RUNTIME = YES;
				HEADER_SEARCH_PATHS = (
					"$(PROJECT_DIR)/Externals/Include",
					"/opt/homebrew/Cellar/glm/0.9.9.8/**",
				);
				INFOPLIST_KEY_UILaunchScreen_Generation = NO;
				LIBRARY_SEARCH_PATHS = (
					"$(PROJECT_DIR)/Externals/Libraries",
					"/opt/homebrew/Cellar/*/**",
					"/opt/homebrew/opt/bzip2/lib/**",
					"/opt/homebrew/Cellar/libpng/1.6.3/lib/**",
					/opt/homebrew/Cellar/libzip/1.8.0_1/lib,
					"/opt/homebrew/Cellar/glm/0.9.9.8/include/**",
				);
				OTHER_LDFLAGS = "";
				PRODUCT_NAME = "$(TARGET_NAME)";
				USER_HEADER_SEARCH_PATHS = "";
			};
			name = Debug;
		};
		8F878A8A2730B01500FA5FF1 /* Release */ = {
			isa = XCBuildConfiguration;
			buildSettings = {
				ARCHS = arm64;
				CODE_SIGN_IDENTITY = "Apple Development";
				CODE_SIGN_STYLE = Automatic;
				DEVELOPMENT_TEAM = "";
				ENABLE_HARDENED_RUNTIME = YES;
				HEADER_SEARCH_PATHS = (
					"$(PROJECT_DIR)/Externals/Include",
					"/opt/homebrew/Cellar/glm/0.9.9.8/**",
				);
				INFOPLIST_KEY_UILaunchScreen_Generation = NO;
				LIBRARY_SEARCH_PATHS = (
					"$(PROJECT_DIR)/Externals/Libraries",
					"/opt/homebrew/Cellar/*/**",
					"/opt/homebrew/opt/bzip2/lib/**",
					"/opt/homebrew/Cellar/libpng/1.6.3/lib/**",
					/opt/homebrew/Cellar/libzip/1.8.0_1/lib,
					"/opt/homebrew/Cellar/glm/0.9.9.8/include/**",
				);
				OTHER_LDFLAGS = "";
				PRODUCT_NAME = "$(TARGET_NAME)";
				USER_HEADER_SEARCH_PATHS = "";
			};
			name = Release;
		};
/* End XCBuildConfiguration section */

/* Begin XCConfigurationList section */
		8F878A7C2730B01500FA5FF1 /* Build configuration list for PBXProject "CG_first_project" */ = {
			isa = XCConfigurationList;
			buildConfigurations = (
				8F878A862730B01500FA5FF1 /* Debug */,
				8F878A872730B01500FA5FF1 /* Release */,
			);
			defaultConfigurationIsVisible = 0;
			defaultConfigurationName = Release;
		};
		8F878A882730B01500FA5FF1 /* Build configuration list for PBXNativeTarget "CG_first_project" */ = {
			isa = XCConfigurationList;
			buildConfigurations = (
				8F878A892730B01500FA5FF1 /* Debug */,
				8F878A8A2730B01500FA5FF1 /* Release */,
			);
			defaultConfigurationIsVisible = 0;
			defaultConfigurationName = Release;
		};
/* End XCConfigurationList section */
	};
	rootObject = 8F878A792730B01500FA5FF1 /* Project object */;
}
